
Microsoft Visual Studio Solution File, Format Version 12.00
# Visual Studio Version 17
VisualStudioVersion = 17.14.36121.58
MinimumVisualStudioVersion = 10.0.40219.1
Project("{FAE04EC0-301F-11D3-BF4B-00C04F79EFBC}") = "Primer Ejercicio", "Primer Ejercicio\Primer Ejercicio.csproj", "{4018ACBD-EB2A-4F4D-8B89-BCF6DC88C616}"
EndProject
Global
	GlobalSection(SolutionConfigurationPlatforms) = preSolution
		Debug|Any CPU = Debug|Any CPU
		Release|Any CPU = Release|Any CPU
	EndGlobalSection
	GlobalSection(ProjectConfigurationPlatforms) = postSolution
		{4018ACBD-EB2A-4F4D-8B89-BCF6DC88C616}.Debug|Any CPU.ActiveCfg = Debug|Any CPU
		{4018ACBD-EB2A-4F4D-8B89-BCF6DC88C616}.Debug|Any CPU.Build.0 = Debug|Any CPU
		{4018ACBD-EB2A-4F4D-8B89-BCF6DC88C616}.Release|Any CPU.ActiveCfg = Release|Any CPU
		{4018ACBD-EB2A-4F4D-8B89-BCF6DC88C616}.Release|Any CPU.Build.0 = Release|Any CPU
	EndGlobalSection
	GlobalSection(SolutionProperties) = preSolution
		HideSolutionNode = FALSE
	EndGlobalSection
	GlobalSection(ExtensibilityGlobals) = postSolution
		SolutionGuid = {83F7F740-9705-4DFB-BD95-D07AC31FE941}
	EndGlobalSection
EndGlobal
